
Microsoft Visual Studio Solution File, Format Version 12.00
# Visual Studio 15
VisualStudioVersion = 15.0.27130.2010
MinimumVisualStudioVersion = 10.0.40219.1
Project("{888888A0-9F3D-457C-B088-3A5042F75D52}") = "examples1", "examples1.pyproj", "{78C089D1-084C-497F-B517-DE4F6166DCE8}"
EndProject
Global
	GlobalSection(SolutionConfigurationPlatforms) = preSolution
		Debug|Any CPU = Debug|Any CPU
		Release|Any CPU = Release|Any CPU
	EndGlobalSection
	GlobalSection(ProjectConfigurationPlatforms) = postSolution
		{78C089D1-084C-497F-B517-DE4F6166DCE8}.Debug|Any CPU.ActiveCfg = Debug|Any CPU
		{78C089D1-084C-497F-B517-DE4F6166DCE8}.Release|Any CPU.ActiveCfg = Release|Any CPU
	EndGlobalSection
	GlobalSection(SolutionProperties) = preSolution
		HideSolutionNode = FALSE
	EndGlobalSection
	GlobalSection(ExtensibilityGlobals) = postSolution
		SolutionGuid = {39C64B49-EA56-4ACD-A178-9D8A9DFBFC8A}
	EndGlobalSection
EndGlobal
